// !$*UTF8*$!
{
	archiveVersion = 1;
	classes = {
	};
	objectVersion = 55;
	objects = {

/* Begin PBXBuildFile section */
		182BDE0727D9AAB200341677 /* image5.jpg in Resources */ = {isa = PBXBuildFile; fileRef = 182BDDF727D9AAB100341677 /* image5.jpg */; };
		182BDE0827D9AAB200341677 /* image9.jpg in Resources */ = {isa = PBXBuildFile; fileRef = 182BDDF827D9AAB100341677 /* image9.jpg */; };
		182BDE0927D9AAB200341677 /* image7.jpg in Resources */ = {isa = PBXBuildFile; fileRef = 182BDDF927D9AAB100341677 /* image7.jpg */; };
		182BDE0A27D9AAB200341677 /* image4.jpg in Resources */ = {isa = PBXBuildFile; fileRef = 182BDDFA27D9AAB100341677 /* image4.jpg */; };
		182BDE0B27D9AAB200341677 /* image10.jpg in Resources */ = {isa = PBXBuildFile; fileRef = 182BDDFB27D9AAB100341677 /* image10.jpg */; };
		182BDE0D27D9AAB200341677 /* image15.jpg in Resources */ = {isa = PBXBuildFile; fileRef = 182BDDFD27D9AAB200341677 /* image15.jpg */; };
		182BDE0E27D9AAB200341677 /* image16.jpg in Resources */ = {isa = PBXBuildFile; fileRef = 182BDDFE27D9AAB200341677 /* image16.jpg */; };
		182BDE0F27D9AAB200341677 /* image2.jpg in Resources */ = {isa = PBXBuildFile; fileRef = 182BDDFF27D9AAB200341677 /* image2.jpg */; };
		182BDE1027D9AAB200341677 /* image1.jpg in Resources */ = {isa = PBXBuildFile; fileRef = 182BDE0027D9AAB200341677 /* image1.jpg */; };
		182BDE1127D9AAB200341677 /* image3.jpg in Resources */ = {isa = PBXBuildFile; fileRef = 182BDE0127D9AAB200341677 /* image3.jpg */; };
		182BDE1227D9AAB200341677 /* image13.jpg in Resources */ = {isa = PBXBuildFile; fileRef = 182BDE0227D9AAB200341677 /* image13.jpg */; };
		182BDE1327D9AAB200341677 /* image12.jpg in Resources */ = {isa = PBXBuildFile; fileRef = 182BDE0327D9AAB200341677 /* image12.jpg */; };
		182BDE1427D9AAB200341677 /* image14.jpg in Resources */ = {isa = PBXBuildFile; fileRef = 182BDE0427D9AAB200341677 /* image14.jpg */; };
		182BDE1527D9AAB200341677 /* image8.jpg in Resources */ = {isa = PBXBuildFile; fileRef = 182BDE0527D9AAB200341677 /* image8.jpg */; };
		182BDE1627D9AAB200341677 /* image6.jpg in Resources */ = {isa = PBXBuildFile; fileRef = 182BDE0627D9AAB200341677 /* image6.jpg */; };
		182BDE1A27D9B21F00341677 /* MiniGame1.swift in Sources */ = {isa = PBXBuildFile; fileRef = 182BDE1927D9B21F00341677 /* MiniGame1.swift */; };
		182BDE2027D9CA9800341677 /* ContactUs.swift in Sources */ = {isa = PBXBuildFile; fileRef = 182BDE1F27D9CA9800341677 /* ContactUs.swift */; };
		182BDE2227D9CCFA00341677 /* template2022.swift in Sources */ = {isa = PBXBuildFile; fileRef = 182BDE2127D9CCFA00341677 /* template2022.swift */; };
		18B140B327D5C2940095ECD2 /* focus.swift in Sources */ = {isa = PBXBuildFile; fileRef = 18B140B227D5C2940095ECD2 /* focus.swift */; };
		18B9F2C627D9E36D0012D210 /* dayQuote.swift in Sources */ = {isa = PBXBuildFile; fileRef = 18B9F2C527D9E36D0012D210 /* dayQuote.swift */; };
		18B9F2CA27D9F1DB0012D210 /* March.png in Resources */ = {isa = PBXBuildFile; fileRef = 18B9F2C727D9F1DA0012D210 /* March.png */; };
		18B9F2CB27D9F1DB0012D210 /* January.png in Resources */ = {isa = PBXBuildFile; fileRef = 18B9F2C827D9F1DB0012D210 /* January.png */; };
		18B9F2CC27D9F1DB0012D210 /* February.png in Resources */ = {isa = PBXBuildFile; fileRef = 18B9F2C927D9F1DB0012D210 /* February.png */; };
		18B9F2D127D9F7A70012D210 /* quote.png in Resources */ = {isa = PBXBuildFile; fileRef = 18B9F2CD27D9F7A70012D210 /* quote.png */; };
		18B9F2D627D9FC5D0012D210 /* dashboard.swift in Sources */ = {isa = PBXBuildFile; fileRef = 18B9F2D527D9FC5D0012D210 /* dashboard.swift */; };
		18B9F2DA27D9FF680012D210 /* games.png in Resources */ = {isa = PBXBuildFile; fileRef = 18B9F2D727D9FF670012D210 /* games.png */; };
		18B9F2DB27D9FF680012D210 /* mood.png in Resources */ = {isa = PBXBuildFile; fileRef = 18B9F2D827D9FF670012D210 /* mood.png */; };
		18B9F2DC27D9FF680012D210 /* focus.png in Resources */ = {isa = PBXBuildFile; fileRef = 18B9F2D927D9FF680012D210 /* focus.png */; };
		18B9F2DE27DA05350012D210 /* months.png in Resources */ = {isa = PBXBuildFile; fileRef = 18B9F2DD27DA05350012D210 /* months.png */; };
		18BEFCF727D1AC4F0029B56C /* AppDelegate.swift in Sources */ = {isa = PBXBuildFile; fileRef = 18BEFCF627D1AC4F0029B56C /* AppDelegate.swift */; };
		18BEFCF927D1AC4F0029B56C /* SceneDelegate.swift in Sources */ = {isa = PBXBuildFile; fileRef = 18BEFCF827D1AC4F0029B56C /* SceneDelegate.swift */; };
		18BEFCFB27D1AC4F0029B56C /* ViewController.swift in Sources */ = {isa = PBXBuildFile; fileRef = 18BEFCFA27D1AC4F0029B56C /* ViewController.swift */; };
		18BEFCFE27D1AC4F0029B56C /* Main.storyboard in Resources */ = {isa = PBXBuildFile; fileRef = 18BEFCFC27D1AC4F0029B56C /* Main.storyboard */; };
		18BEFD0027D1AC510029B56C /* Assets.xcassets in Resources */ = {isa = PBXBuildFile; fileRef = 18BEFCFF27D1AC510029B56C /* Assets.xcassets */; };
		18BEFD0327D1AC510029B56C /* LaunchScreen.storyboard in Resources */ = {isa = PBXBuildFile; fileRef = 18BEFD0127D1AC510029B56C /* LaunchScreen.storyboard */; };
		18F04EA227DB766700352EF5 /* gradientButton.swift in Sources */ = {isa = PBXBuildFile; fileRef = 18F04EA127DB766700352EF5 /* gradientButton.swift */; };
		18F04EA427DB90C200352EF5 /* image11.jpg in Resources */ = {isa = PBXBuildFile; fileRef = 18F04EA327DB90C200352EF5 /* image11.jpg */; };
		18FAF29E27D6003F00080962 /* marchTemplate.swift in Sources */ = {isa = PBXBuildFile; fileRef = 18FAF29D27D6003F00080962 /* marchTemplate.swift */; };
/* End PBXBuildFile section */

/* Begin PBXFileReference section */
		182BDDF727D9AAB100341677 /* image5.jpg */ = {isa = PBXFileReference; lastKnownFileType = image.jpeg; name = image5.jpg; path = "../../untitled folder/image5.jpg"; sourceTree = "<group>"; };
		182BDDF827D9AAB100341677 /* image9.jpg */ = {isa = PBXFileReference; lastKnownFileType = image.jpeg; name = image9.jpg; path = "../../untitled folder/image9.jpg"; sourceTree = "<group>"; };
		182BDDF927D9AAB100341677 /* image7.jpg */ = {isa = PBXFileReference; lastKnownFileType = image.jpeg; name = image7.jpg; path = "../../untitled folder/image7.jpg"; sourceTree = "<group>"; };
		182BDDFA27D9AAB100341677 /* image4.jpg */ = {isa = PBXFileReference; lastKnownFileType = image.jpeg; name = image4.jpg; path = "../../untitled folder/image4.jpg"; sourceTree = "<group>"; };
		182BDDFB27D9AAB100341677 /* image10.jpg */ = {isa = PBXFileReference; lastKnownFileType = image.jpeg; name = image10.jpg; path = "../../untitled folder/image10.jpg"; sourceTree = "<group>"; };
		182BDDFD27D9AAB200341677 /* image15.jpg */ = {isa = PBXFileReference; lastKnownFileType = image.jpeg; name = image15.jpg; path = "../../untitled folder/image15.jpg"; sourceTree = "<group>"; };
		182BDDFE27D9AAB200341677 /* image16.jpg */ = {isa = PBXFileReference; lastKnownFileType = image.jpeg; name = image16.jpg; path = "../../untitled folder/image16.jpg"; sourceTree = "<group>"; };
		182BDDFF27D9AAB200341677 /* image2.jpg */ = {isa = PBXFileReference; lastKnownFileType = image.jpeg; name = image2.jpg; path = "../../untitled folder/image2.jpg"; sourceTree = "<group>"; };
		182BDE0027D9AAB200341677 /* image1.jpg */ = {isa = PBXFileReference; lastKnownFileType = image.jpeg; name = image1.jpg; path = "../../untitled folder/image1.jpg"; sourceTree = "<group>"; };
		182BDE0127D9AAB200341677 /* image3.jpg */ = {isa = PBXFileReference; lastKnownFileType = image.jpeg; name = image3.jpg; path = "../../untitled folder/image3.jpg"; sourceTree = "<group>"; };
		182BDE0227D9AAB200341677 /* image13.jpg */ = {isa = PBXFileReference; lastKnownFileType = image.jpeg; name = image13.jpg; path = "../../untitled folder/image13.jpg"; sourceTree = "<group>"; };
		182BDE0327D9AAB200341677 /* image12.jpg */ = {isa = PBXFileReference; lastKnownFileType = image.jpeg; name = image12.jpg; path = "../../untitled folder/image12.jpg"; sourceTree = "<group>"; };
		182BDE0427D9AAB200341677 /* image14.jpg */ = {isa = PBXFileReference; lastKnownFileType = image.jpeg; name = image14.jpg; path = "../../untitled folder/image14.jpg"; sourceTree = "<group>"; };
		182BDE0527D9AAB200341677 /* image8.jpg */ = {isa = PBXFileReference; lastKnownFileType = image.jpeg; name = image8.jpg; path = "../../untitled folder/image8.jpg"; sourceTree = "<group>"; };
		182BDE0627D9AAB200341677 /* image6.jpg */ = {isa = PBXFileReference; lastKnownFileType = image.jpeg; name = image6.jpg; path = "../../untitled folder/image6.jpg"; sourceTree = "<group>"; };
		182BDE1927D9B21F00341677 /* MiniGame1.swift */ = {isa = PBXFileReference; lastKnownFileType = sourcecode.swift; path = MiniGame1.swift; sourceTree = "<group>"; };
		182BDE1F27D9CA9800341677 /* ContactUs.swift */ = {isa = PBXFileReference; lastKnownFileType = sourcecode.swift; path = ContactUs.swift; sourceTree = "<group>"; };
		182BDE2127D9CCFA00341677 /* template2022.swift */ = {isa = PBXFileReference; lastKnownFileType = sourcecode.swift; path = template2022.swift; sourceTree = "<group>"; };
		18B140B227D5C2940095ECD2 /* focus.swift */ = {isa = PBXFileReference; lastKnownFileType = sourcecode.swift; path = focus.swift; sourceTree = "<group>"; };
		18B9F2C527D9E36D0012D210 /* dayQuote.swift */ = {isa = PBXFileReference; lastKnownFileType = sourcecode.swift; path = dayQuote.swift; sourceTree = "<group>"; };
		18B9F2C727D9F1DA0012D210 /* March.png */ = {isa = PBXFileReference; lastKnownFileType = image.png; name = March.png; path = "../../untitled folder/untitled folder/March.png"; sourceTree = "<group>"; };
		18B9F2C827D9F1DB0012D210 /* January.png */ = {isa = PBXFileReference; lastKnownFileType = image.png; name = January.png; path = "../../untitled folder/untitled folder/January.png"; sourceTree = "<group>"; };
		18B9F2C927D9F1DB0012D210 /* February.png */ = {isa = PBXFileReference; lastKnownFileType = image.png; name = February.png; path = "../../untitled folder/untitled folder/February.png"; sourceTree = "<group>"; };
		18B9F2CD27D9F7A70012D210 /* quote.png */ = {isa = PBXFileReference; lastKnownFileType = image.png; name = quote.png; path = "../../untitled folder/untitled folder/quote.png"; sourceTree = "<group>"; };
		18B9F2D527D9FC5D0012D210 /* dashboard.swift */ = {isa = PBXFileReference; lastKnownFileType = sourcecode.swift; path = dashboard.swift; sourceTree = "<group>"; };
		18B9F2D727D9FF670012D210 /* games.png */ = {isa = PBXFileReference; lastKnownFileType = image.png; name = games.png; path = "../../untitled folder/untitled folder/games.png"; sourceTree = "<group>"; };
		18B9F2D827D9FF670012D210 /* mood.png */ = {isa = PBXFileReference; lastKnownFileType = image.png; name = mood.png; path = "../../untitled folder/untitled folder/mood.png"; sourceTree = "<group>"; };
		18B9F2D927D9FF680012D210 /* focus.png */ = {isa = PBXFileReference; lastKnownFileType = image.png; name = focus.png; path = "../../untitled folder/untitled folder/focus.png"; sourceTree = "<group>"; };
		18B9F2DD27DA05350012D210 /* months.png */ = {isa = PBXFileReference; lastKnownFileType = image.png; name = months.png; path = ../../../Downloads/months.png; sourceTree = "<group>"; };
		18BEFCF327D1AC4F0029B56C /* MotivationApp.app */ = {isa = PBXFileReference; explicitFileType = wrapper.application; includeInIndex = 0; path = MotivationApp.app; sourceTree = BUILT_PRODUCTS_DIR; };
		18BEFCF627D1AC4F0029B56C /* AppDelegate.swift */ = {isa = PBXFileReference; lastKnownFileType = sourcecode.swift; path = AppDelegate.swift; sourceTree = "<group>"; };
		18BEFCF827D1AC4F0029B56C /* SceneDelegate.swift */ = {isa = PBXFileReference; lastKnownFileType = sourcecode.swift; path = SceneDelegate.swift; sourceTree = "<group>"; };
		18BEFCFA27D1AC4F0029B56C /* ViewController.swift */ = {isa = PBXFileReference; lastKnownFileType = sourcecode.swift; path = ViewController.swift; sourceTree = "<group>"; };
		18BEFCFD27D1AC4F0029B56C /* Base */ = {isa = PBXFileReference; lastKnownFileType = file.storyboard; name = Base; path = Base.lproj/Main.storyboard; sourceTree = "<group>"; };
		18BEFCFF27D1AC510029B56C /* Assets.xcassets */ = {isa = PBXFileReference; lastKnownFileType = folder.assetcatalog; path = Assets.xcassets; sourceTree = "<group>"; };
		18BEFD0227D1AC510029B56C /* Base */ = {isa = PBXFileReference; lastKnownFileType = file.storyboard; name = Base; path = Base.lproj/LaunchScreen.storyboard; sourceTree = "<group>"; };
		18BEFD0427D1AC510029B56C /* Info.plist */ = {isa = PBXFileReference; lastKnownFileType = text.plist.xml; path = Info.plist; sourceTree = "<group>"; };
		18F04EA127DB766700352EF5 /* gradientButton.swift */ = {isa = PBXFileReference; lastKnownFileType = sourcecode.swift; path = gradientButton.swift; sourceTree = "<group>"; };
		18F04EA327DB90C200352EF5 /* image11.jpg */ = {isa = PBXFileReference; lastKnownFileType = image.jpeg; name = image11.jpg; path = "../../untitled folder/image11.jpg"; sourceTree = "<group>"; };
		18FAF29D27D6003F00080962 /* marchTemplate.swift */ = {isa = PBXFileReference; lastKnownFileType = sourcecode.swift; path = marchTemplate.swift; sourceTree = "<group>"; };
/* End PBXFileReference section */

/* Begin PBXFrameworksBuildPhase section */
		18BEFCF027D1AC4F0029B56C /* Frameworks */ = {
			isa = PBXFrameworksBuildPhase;
			buildActionMask = 2147483647;
			files = (
			);
			runOnlyForDeploymentPostprocessing = 0;
		};
/* End PBXFrameworksBuildPhase section */

/* Begin PBXGroup section */
		18BEFCEA27D1AC4F0029B56C = {
			isa = PBXGroup;
			children = (
				18BEFCF527D1AC4F0029B56C /* MotivationApp */,
				18BEFCF427D1AC4F0029B56C /* Products */,
			);
			sourceTree = "<group>";
		};
		18BEFCF427D1AC4F0029B56C /* Products */ = {
			isa = PBXGroup;
			children = (
				18BEFCF327D1AC4F0029B56C /* MotivationApp.app */,
			);
			name = Products;
			sourceTree = "<group>";
		};
		18BEFCF527D1AC4F0029B56C /* MotivationApp */ = {
			isa = PBXGroup;
			children = (
				18BEFCF627D1AC4F0029B56C /* AppDelegate.swift */,
				18BEFCF827D1AC4F0029B56C /* SceneDelegate.swift */,
				18BEFCFA27D1AC4F0029B56C /* ViewController.swift */,
				18BEFCFC27D1AC4F0029B56C /* Main.storyboard */,
				18BEFCFF27D1AC510029B56C /* Assets.xcassets */,
				182BDE0027D9AAB200341677 /* image1.jpg */,
				182BDDFF27D9AAB200341677 /* image2.jpg */,
				182BDE0127D9AAB200341677 /* image3.jpg */,
				182BDDFA27D9AAB100341677 /* image4.jpg */,
				182BDDF727D9AAB100341677 /* image5.jpg */,
				182BDE0627D9AAB200341677 /* image6.jpg */,
				182BDDF927D9AAB100341677 /* image7.jpg */,
				182BDE0527D9AAB200341677 /* image8.jpg */,
				182BDDF827D9AAB100341677 /* image9.jpg */,
				182BDDFB27D9AAB100341677 /* image10.jpg */,
				18F04EA327DB90C200352EF5 /* image11.jpg */,
				182BDE0327D9AAB200341677 /* image12.jpg */,
				182BDE0227D9AAB200341677 /* image13.jpg */,
				182BDE0427D9AAB200341677 /* image14.jpg */,
				182BDDFD27D9AAB200341677 /* image15.jpg */,
				182BDDFE27D9AAB200341677 /* image16.jpg */,
				18B9F2C927D9F1DB0012D210 /* February.png */,
				18B9F2C827D9F1DB0012D210 /* January.png */,
				18B9F2C727D9F1DA0012D210 /* March.png */,
				18B9F2CD27D9F7A70012D210 /* quote.png */,
				18B9F2D927D9FF680012D210 /* focus.png */,
				18B9F2D727D9FF670012D210 /* games.png */,
				18B9F2D827D9FF670012D210 /* mood.png */,
				18B9F2DD27DA05350012D210 /* months.png */,
				18BEFD0127D1AC510029B56C /* LaunchScreen.storyboard */,
				18BEFD0427D1AC510029B56C /* Info.plist */,
				18B140B227D5C2940095ECD2 /* focus.swift */,
				18FAF29D27D6003F00080962 /* marchTemplate.swift */,
				182BDE1927D9B21F00341677 /* MiniGame1.swift */,
				182BDE1F27D9CA9800341677 /* ContactUs.swift */,
				182BDE2127D9CCFA00341677 /* template2022.swift */,
				18B9F2C527D9E36D0012D210 /* dayQuote.swift */,
				18B9F2D527D9FC5D0012D210 /* dashboard.swift */,
				18F04EA127DB766700352EF5 /* gradientButton.swift */,
			);
			path = MotivationApp;
			sourceTree = "<group>";
		};
/* End PBXGroup section */

/* Begin PBXNativeTarget section */
		18BEFCF227D1AC4F0029B56C /* MotivationApp */ = {
			isa = PBXNativeTarget;
			buildConfigurationList = 18BEFD0727D1AC510029B56C /* Build configuration list for PBXNativeTarget "MotivationApp" */;
			buildPhases = (
				18BEFCEF27D1AC4F0029B56C /* Sources */,
				18BEFCF027D1AC4F0029B56C /* Frameworks */,
				18BEFCF127D1AC4F0029B56C /* Resources */,
			);
			buildRules = (
			);
			dependencies = (
			);
			name = MotivationApp;
			productName = MotivationApp;
			productReference = 18BEFCF327D1AC4F0029B56C /* MotivationApp.app */;
			productType = "com.apple.product-type.application";
		};
/* End PBXNativeTarget section */

/* Begin PBXProject section */
		18BEFCEB27D1AC4F0029B56C /* Project object */ = {
			isa = PBXProject;
			attributes = {
				BuildIndependentTargetsInParallel = 1;
				LastSwiftUpdateCheck = 1320;
				LastUpgradeCheck = 1320;
				TargetAttributes = {
					18BEFCF227D1AC4F0029B56C = {
						CreatedOnToolsVersion = 13.2.1;
					};
				};
			};
			buildConfigurationList = 18BEFCEE27D1AC4F0029B56C /* Build configuration list for PBXProject "MotivationApp" */;
			compatibilityVersion = "Xcode 13.0";
			developmentRegion = en;
			hasScannedForEncodings = 0;
			knownRegions = (
				en,
				Base,
			);
			mainGroup = 18BEFCEA27D1AC4F0029B56C;
			productRefGroup = 18BEFCF427D1AC4F0029B56C /* Products */;
			projectDirPath = "";
			projectRoot = "";
			targets = (
				18BEFCF227D1AC4F0029B56C /* MotivationApp */,
			);
		};
/* End PBXProject section */

/* Begin PBXResourcesBuildPhase section */
		18BEFCF127D1AC4F0029B56C /* Resources */ = {
			isa = PBXResourcesBuildPhase;
			buildActionMask = 2147483647;
			files = (
				182BDE1327D9AAB200341677 /* image12.jpg in Resources */,
				18B9F2DA27D9FF680012D210 /* games.png in Resources */,
				18BEFD0327D1AC510029B56C /* LaunchScreen.storyboard in Resources */,
				182BDE0827D9AAB200341677 /* image9.jpg in Resources */,
				18B9F2CA27D9F1DB0012D210 /* March.png in Resources */,
				182BDE0727D9AAB200341677 /* image5.jpg in Resources */,
				18B9F2DE27DA05350012D210 /* months.png in Resources */,
				18B9F2DC27D9FF680012D210 /* focus.png in Resources */,
				18F04EA427DB90C200352EF5 /* image11.jpg in Resources */,
				182BDE0D27D9AAB200341677 /* image15.jpg in Resources */,
				182BDE1227D9AAB200341677 /* image13.jpg in Resources */,
				182BDE1127D9AAB200341677 /* image3.jpg in Resources */,
				18BEFD0027D1AC510029B56C /* Assets.xcassets in Resources */,
				182BDE0A27D9AAB200341677 /* image4.jpg in Resources */,
				18BEFCFE27D1AC4F0029B56C /* Main.storyboard in Resources */,
				18B9F2CB27D9F1DB0012D210 /* January.png in Resources */,
				18B9F2CC27D9F1DB0012D210 /* February.png in Resources */,
				182BDE0E27D9AAB200341677 /* image16.jpg in Resources */,
				182BDE1627D9AAB200341677 /* image6.jpg in Resources */,
				182BDE0B27D9AAB200341677 /* image10.jpg in Resources */,
				18B9F2D127D9F7A70012D210 /* quote.png in Resources */,
				182BDE0F27D9AAB200341677 /* image2.jpg in Resources */,
				182BDE0927D9AAB200341677 /* image7.jpg in Resources */,
				18B9F2DB27D9FF680012D210 /* mood.png in Resources */,
				182BDE1427D9AAB200341677 /* image14.jpg in Resources */,
				182BDE1527D9AAB200341677 /* image8.jpg in Resources */,
				182BDE1027D9AAB200341677 /* image1.jpg in Resources */,
			);
			runOnlyForDeploymentPostprocessing = 0;
		};
/* End PBXResourcesBuildPhase section */

/* Begin PBXSourcesBuildPhase section */
		18BEFCEF27D1AC4F0029B56C /* Sources */ = {
			isa = PBXSourcesBuildPhase;
			buildActionMask = 2147483647;
			files = (
				18B9F2D627D9FC5D0012D210 /* dashboard.swift in Sources */,
				18B9F2C627D9E36D0012D210 /* dayQuote.swift in Sources */,
				18FAF29E27D6003F00080962 /* marchTemplate.swift in Sources */,
				18BEFCFB27D1AC4F0029B56C /* ViewController.swift in Sources */,
				18BEFCF727D1AC4F0029B56C /* AppDelegate.swift in Sources */,
				18B140B327D5C2940095ECD2 /* focus.swift in Sources */,
				182BDE2027D9CA9800341677 /* ContactUs.swift in Sources */,
				182BDE1A27D9B21F00341677 /* MiniGame1.swift in Sources */,
				18BEFCF927D1AC4F0029B56C /* SceneDelegate.swift in Sources */,
				18F04EA227DB766700352EF5 /* gradientButton.swift in Sources */,
				182BDE2227D9CCFA00341677 /* template2022.swift in Sources */,
			);
			runOnlyForDeploymentPostprocessing = 0;
		};
/* End PBXSourcesBuildPhase section */

/* Begin PBXVariantGroup section */
		18BEFCFC27D1AC4F0029B56C /* Main.storyboard */ = {
			isa = PBXVariantGroup;
			children = (
				18BEFCFD27D1AC4F0029B56C /* Base */,
			);
			name = Main.storyboard;
			sourceTree = "<group>";
		};
		18BEFD0127D1AC510029B56C /* LaunchScreen.storyboard */ = {
			isa = PBXVariantGroup;
			children = (
				18BEFD0227D1AC510029B56C /* Base */,
			);
			name = LaunchScreen.storyboard;
			sourceTree = "<group>";
		};
/* End PBXVariantGroup section */

/* Begin XCBuildConfiguration section */
		18BEFD0527D1AC510029B56C /* Debug */ = {
			isa = XCBuildConfiguration;
			buildSettings = {
				ALWAYS_SEARCH_USER_PATHS = NO;
				CLANG_ANALYZER_NONNULL = YES;
				CLANG_ANALYZER_NUMBER_OBJECT_CONVERSION = YES_AGGRESSIVE;
				CLANG_CXX_LANGUAGE_STANDARD = "gnu++17";
				CLANG_CXX_LIBRARY = "libc++";
				CLANG_ENABLE_MODULES = YES;
				CLANG_ENABLE_OBJC_ARC = YES;
				CLANG_ENABLE_OBJC_WEAK = YES;
				CLANG_WARN_BLOCK_CAPTURE_AUTORELEASING = YES;
				CLANG_WARN_BOOL_CONVERSION = YES;
				CLANG_WARN_COMMA = YES;
				CLANG_WARN_CONSTANT_CONVERSION = YES;
				CLANG_WARN_DEPRECATED_OBJC_IMPLEMENTATIONS = YES;
				CLANG_WARN_DIRECT_OBJC_ISA_USAGE = YES_ERROR;
				CLANG_WARN_DOCUMENTATION_COMMENTS = YES;
				CLANG_WARN_EMPTY_BODY = YES;
				CLANG_WARN_ENUM_CONVERSION = YES;
				CLANG_WARN_INFINITE_RECURSION = YES;
				CLANG_WARN_INT_CONVERSION = YES;
				CLANG_WARN_NON_LITERAL_NULL_CONVERSION = YES;
				CLANG_WARN_OBJC_IMPLICIT_RETAIN_SELF = YES;
				CLANG_WARN_OBJC_LITERAL_CONVERSION = YES;
				CLANG_WARN_OBJC_ROOT_CLASS = YES_ERROR;
				CLANG_WARN_QUOTED_INCLUDE_IN_FRAMEWORK_HEADER = YES;
				CLANG_WARN_RANGE_LOOP_ANALYSIS = YES;
				CLANG_WARN_STRICT_PROTOTYPES = YES;
				CLANG_WARN_SUSPICIOUS_MOVE = YES;
				CLANG_WARN_UNGUARDED_AVAILABILITY = YES_AGGRESSIVE;
				CLANG_WARN_UNREACHABLE_CODE = YES;
				CLANG_WARN__DUPLICATE_METHOD_MATCH = YES;
				COPY_PHASE_STRIP = NO;
				DEBUG_INFORMATION_FORMAT = dwarf;
				ENABLE_STRICT_OBJC_MSGSEND = YES;
				ENABLE_TESTABILITY = YES;
				GCC_C_LANGUAGE_STANDARD = gnu11;
				GCC_DYNAMIC_NO_PIC = NO;
				GCC_NO_COMMON_BLOCKS = YES;
				GCC_OPTIMIZATION_LEVEL = 0;
				GCC_PREPROCESSOR_DEFINITIONS = (
					"DEBUG=1",
					"$(inherited)",
				);
				GCC_WARN_64_TO_32_BIT_CONVERSION = YES;
				GCC_WARN_ABOUT_RETURN_TYPE = YES_ERROR;
				GCC_WARN_UNDECLARED_SELECTOR = YES;
				GCC_WARN_UNINITIALIZED_AUTOS = YES_AGGRESSIVE;
				GCC_WARN_UNUSED_FUNCTION = YES;
				GCC_WARN_UNUSED_VARIABLE = YES;
				IPHONEOS_DEPLOYMENT_TARGET = 15.0;
				MTL_ENABLE_DEBUG_INFO = INCLUDE_SOURCE;
				MTL_FAST_MATH = YES;
				ONLY_ACTIVE_ARCH = YES;
				SDKROOT = iphoneos;
				SWIFT_ACTIVE_COMPILATION_CONDITIONS = DEBUG;
				SWIFT_OPTIMIZATION_LEVEL = "-Onone";
			};
			name = Debug;
		};
		18BEFD0627D1AC510029B56C /* Release */ = {
			isa = XCBuildConfiguration;
			buildSettings = {
				ALWAYS_SEARCH_USER_PATHS = NO;
				CLANG_ANALYZER_NONNULL = YES;
				CLANG_ANALYZER_NUMBER_OBJECT_CONVERSION = YES_AGGRESSIVE;
				CLANG_CXX_LANGUAGE_STANDARD = "gnu++17";
				CLANG_CXX_LIBRARY = "libc++";
				CLANG_ENABLE_MODULES = YES;
				CLANG_ENABLE_OBJC_ARC = YES;
				CLANG_ENABLE_OBJC_WEAK = YES;
				CLANG_WARN_BLOCK_CAPTURE_AUTORELEASING = YES;
				CLANG_WARN_BOOL_CONVERSION = YES;
				CLANG_WARN_COMMA = YES;
				CLANG_WARN_CONSTANT_CONVERSION = YES;
				CLANG_WARN_DEPRECATED_OBJC_IMPLEMENTATIONS = YES;
				CLANG_WARN_DIRECT_OBJC_ISA_USAGE = YES_ERROR;
				CLANG_WARN_DOCUMENTATION_COMMENTS = YES;
				CLANG_WARN_EMPTY_BODY = YES;
				CLANG_WARN_ENUM_CONVERSION = YES;
				CLANG_WARN_INFINITE_RECURSION = YES;
				CLANG_WARN_INT_CONVERSION = YES;
				CLANG_WARN_NON_LITERAL_NULL_CONVERSION = YES;
				CLANG_WARN_OBJC_IMPLICIT_RETAIN_SELF = YES;
				CLANG_WARN_OBJC_LITERAL_CONVERSION = YES;
				CLANG_WARN_OBJC_ROOT_CLASS = YES_ERROR;
				CLANG_WARN_QUOTED_INCLUDE_IN_FRAMEWORK_HEADER = YES;
				CLANG_WARN_RANGE_LOOP_ANALYSIS = YES;
				CLANG_WARN_STRICT_PROTOTYPES = YES;
				CLANG_WARN_SUSPICIOUS_MOVE = YES;
				CLANG_WARN_UNGUARDED_AVAILABILITY = YES_AGGRESSIVE;
				CLANG_WARN_UNREACHABLE_CODE = YES;
				CLANG_WARN__DUPLICATE_METHOD_MATCH = YES;
				COPY_PHASE_STRIP = NO;
				DEBUG_INFORMATION_FORMAT = "dwarf-with-dsym";
				ENABLE_NS_ASSERTIONS = NO;
				ENABLE_STRICT_OBJC_MSGSEND = YES;
				GCC_C_LANGUAGE_STANDARD = gnu11;
				GCC_NO_COMMON_BLOCKS = YES;
				GCC_WARN_64_TO_32_BIT_CONVERSION = YES;
				GCC_WARN_ABOUT_RETURN_TYPE = YES_ERROR;
				GCC_WARN_UNDECLARED_SELECTOR = YES;
				GCC_WARN_UNINITIALIZED_AUTOS = YES_AGGRESSIVE;
				GCC_WARN_UNUSED_FUNCTION = YES;
				GCC_WARN_UNUSED_VARIABLE = YES;
				IPHONEOS_DEPLOYMENT_TARGET = 15.0;
				MTL_ENABLE_DEBUG_INFO = NO;
				MTL_FAST_MATH = YES;
				SDKROOT = iphoneos;
				SWIFT_COMPILATION_MODE = wholemodule;
				SWIFT_OPTIMIZATION_LEVEL = "-O";
				VALIDATE_PRODUCT = YES;
			};
			name = Release;
		};
		18BEFD0827D1AC510029B56C /* Debug */ = {
			isa = XCBuildConfiguration;
			buildSettings = {
				ASSETCATALOG_COMPILER_APPICON_NAME = AppIcon;
				ASSETCATALOG_COMPILER_GLOBAL_ACCENT_COLOR_NAME = AccentColor;
				CODE_SIGN_STYLE = Automatic;
				CURRENT_PROJECT_VERSION = 1;
				DEVELOPMENT_TEAM = 28X446CUQB;
				GENERATE_INFOPLIST_FILE = YES;
				INFOPLIST_FILE = MotivationApp/Info.plist;
				INFOPLIST_KEY_UIApplicationSupportsIndirectInputEvents = YES;
				INFOPLIST_KEY_UILaunchStoryboardName = LaunchScreen;
				INFOPLIST_KEY_UIMainStoryboardFile = Main;
				INFOPLIST_KEY_UISupportedInterfaceOrientations_iPad = "UIInterfaceOrientationPortrait UIInterfaceOrientationPortraitUpsideDown UIInterfaceOrientationLandscapeLeft UIInterfaceOrientationLandscapeRight";
				INFOPLIST_KEY_UISupportedInterfaceOrientations_iPhone = "UIInterfaceOrientationPortrait UIInterfaceOrientationLandscapeLeft UIInterfaceOrientationLandscapeRight";
				LD_RUNPATH_SEARCH_PATHS = (
					"$(inherited)",
					"@executable_path/Frameworks",
				);
				MARKETING_VERSION = 1.0;
				PRODUCT_BUNDLE_IDENTIFIER = Krystynne.MotivationApp;
				PRODUCT_NAME = "$(TARGET_NAME)";
				SWIFT_EMIT_LOC_STRINGS = YES;
				SWIFT_VERSION = 5.0;
				TARGETED_DEVICE_FAMILY = "1,2";
			};
			name = Debug;
		};
		18BEFD0927D1AC510029B56C /* Release */ = {
			isa = XCBuildConfiguration;
			buildSettings = {
				ASSETCATALOG_COMPILER_APPICON_NAME = AppIcon;
				ASSETCATALOG_COMPILER_GLOBAL_ACCENT_COLOR_NAME = AccentColor;
				CODE_SIGN_STYLE = Automatic;
				CURRENT_PROJECT_VERSION = 1;
				DEVELOPMENT_TEAM = 28X446CUQB;
				GENERATE_INFOPLIST_FILE = YES;
				INFOPLIST_FILE = MotivationApp/Info.plist;
				INFOPLIST_KEY_UIApplicationSupportsIndirectInputEvents = YES;
				INFOPLIST_KEY_UILaunchStoryboardName = LaunchScreen;
				INFOPLIST_KEY_UIMainStoryboardFile = Main;
				INFOPLIST_KEY_UISupportedInterfaceOrientations_iPad = "UIInterfaceOrientationPortrait UIInterfaceOrientationPortraitUpsideDown UIInterfaceOrientationLandscapeLeft UIInterfaceOrientationLandscapeRight";
				INFOPLIST_KEY_UISupportedInterfaceOrientations_iPhone = "UIInterfaceOrientationPortrait UIInterfaceOrientationLandscapeLeft UIInterfaceOrientationLandscapeRight";
				LD_RUNPATH_SEARCH_PATHS = (
					"$(inherited)",
					"@executable_path/Frameworks",
				);
				MARKETING_VERSION = 1.0;
				PRODUCT_BUNDLE_IDENTIFIER = Krystynne.MotivationApp;
				PRODUCT_NAME = "$(TARGET_NAME)";
				SWIFT_EMIT_LOC_STRINGS = YES;
				SWIFT_VERSION = 5.0;
				TARGETED_DEVICE_FAMILY = "1,2";
			};
			name = Release;
		};
/* End XCBuildConfiguration section */

/* Begin XCConfigurationList section */
		18BEFCEE27D1AC4F0029B56C /* Build configuration list for PBXProject "MotivationApp" */ = {
			isa = XCConfigurationList;
			buildConfigurations = (
				18BEFD0527D1AC510029B56C /* Debug */,
				18BEFD0627D1AC510029B56C /* Release */,
			);
			defaultConfigurationIsVisible = 0;
			defaultConfigurationName = Release;
		};
		18BEFD0727D1AC510029B56C /* Build configuration list for PBXNativeTarget "MotivationApp" */ = {
			isa = XCConfigurationList;
			buildConfigurations = (
				18BEFD0827D1AC510029B56C /* Debug */,
				18BEFD0927D1AC510029B56C /* Release */,
			);
			defaultConfigurationIsVisible = 0;
			defaultConfigurationName = Release;
		};
/* End XCConfigurationList section */
	};
	rootObject = 18BEFCEB27D1AC4F0029B56C /* Project object */;
}
